Microsoft Visual Studio Solution File, Format Version 12.00
# Visual Studio Version 17
VisualStudioVersion = 17.5.2.0
MinimumVisualStudioVersion = 10.0.40219.1
Project("{FAE04EC0-301F-11D3-BF4B-00C04F79EFBC}") = "Yorvis", "Yorvis.csproj", "{001BBEF6-B376-9A26-3178-66C299BB05D8}"
EndProject
Global
	GlobalSection(SolutionConfigurationPlatforms) = preSolution
		Debug|Any CPU = Debug|Any CPU
		Release|Any CPU = Release|Any CPU
	EndGlobalSection
	GlobalSection(ProjectConfigurationPlatforms) = postSolution
		{001BBEF6-B376-9A26-3178-66C299BB05D8}.Debug|Any CPU.ActiveCfg = Debug|Any CPU
		{001BBEF6-B376-9A26-3178-66C299BB05D8}.Debug|Any CPU.Build.0 = Debug|Any CPU
		{001BBEF6-B376-9A26-3178-66C299BB05D8}.Release|Any CPU.ActiveCfg = Release|Any CPU
		{001BBEF6-B376-9A26-3178-66C299BB05D8}.Release|Any CPU.Build.0 = Release|Any CPU
	EndGlobalSection
	GlobalSection(SolutionProperties) = preSolution
		HideSolutionNode = FALSE
	EndGlobalSection
	GlobalSection(ExtensibilityGlobals) = postSolution
		SolutionGuid = {41FB4F98-B49D-4D09-8143-3D06870B80A0}
	EndGlobalSection
EndGlobal
